{
  "pins" : [
    {
      "identity" : "fish",
      "kind" : "remoteSourceControl",
      "location" : "https://github.com/swiftyfinch/Fish",
      "state" : {
        "revision" : "4dd939e717b7040da9ff21bf7d5ff20ee51acec4",
        "version" : "0.1.3"
      }
    },
    {
      "identity" : "rainbow",
      "kind" : "remoteSourceControl",
      "location" : "https://github.com/onevcat/Rainbow",
      "state" : {
        "revision" : "16da5c62dd737258c6df2e8c430f8a3202f655a7",
        "version" : "4.2.0"
      }
    },
    {
      "identity" : "yams",
      "kind" : "remoteSourceControl",
      "location" : "https://github.com/jpsim/Yams",
      "state" : {
        "revision" : "deaf82e867fa2cbd3cd865978b079bfcf384ac28",
        "version" : "6.2.1"
      }
    }
  ],
  "version" : 2
}
