{
  "pins" : [
    {
      "identity" : "fish",
      "kind" : "remoteSourceControl",
      "location" : "https://github.com/swiftyfinch/Fish",
      "state" : {
        "revision" : "4dd939e717b7040da9ff21bf7d5ff20ee51acec4",
        "version" : "0.1.3"
      }
    },
    {
      "identity" : "rainbow",
      "kind" : "remoteSourceControl",
      "location" : "https://github.com/onevcat/Rainbow",
      "state" : {
        "revision" : "0c627a4f8a39ef37eadec1ceec02e4a7f55561ac",
        "version" : "4.1.0"
      }
    },
    {
      "identity" : "yams",
      "kind" : "remoteSourceControl",
      "location" : "https://github.com/jpsim/Yams",
      "state" : {
        "revision" : "f4d4d6827d36092d151ad7f6fef1991c1b7192f6",
        "version" : "6.0.2"
      }
    }
  ],
  "version" : 2
}
